
Microsoft Visual Studio Solution File, Format Version 12.00
# Visual Studio Version 17
VisualStudioVersion = 17.8.34309.116
MinimumVisualStudioVersion = 10.0.40219.1
Project("{2150E333-8FDC-42A3-9474-1A3956D46DE8}") = "03. String and Text Processung - Lab", "03. String and Text Processung - Lab", "{1C310664-16A9-4116-8A11-FBE1C36CC0A8}"
EndProject
Project("{9A19103F-16F7-4668-BE54-9A1E7A4F7556}") = "0301. Reverse Strings", "0301. Reverse Strings\0301. Reverse Strings.csproj", "{381FC693-191D-4616-BB79-87A345006AD8}"
EndProject
Project("{9A19103F-16F7-4668-BE54-9A1E7A4F7556}") = "0302. Repeat Strings", "0302. Repeat Strings\0302. Repeat Strings.csproj", "{3769E7C1-9DAF-4015-94BC-AEF16F963BE1}"
EndProject
Project("{9A19103F-16F7-4668-BE54-9A1E7A4F7556}") = "0303. Substring", "0303. Substring\0303. Substring.csproj", "{9E04AFEC-6EEB-4092-97AD-38B953AFA675}"
EndProject
Project("{9A19103F-16F7-4668-BE54-9A1E7A4F7556}") = "0304. Text Filter", "0304. Text Filter\0304. Text Filter.csproj", "{642DE622-FF0D-4E36-A97D-3DAFA712EB86}"
EndProject
Project("{9A19103F-16F7-4668-BE54-9A1E7A4F7556}") = "0305. Digits, Letters and Other", "0305. Digits, Letters and Other\0305. Digits, Letters and Other.csproj", "{E4C05330-9E64-421E-8412-EAE1F5BBECC4}"
EndProject
Project("{2150E333-8FDC-42A3-9474-1A3956D46DE8}") = "04. Regular Expressions - Lab", "04. Regular Expressions - Lab", "{572ADE7B-A582-426E-A5C0-7AD74C372E84}"
EndProject
Project("{9A19103F-16F7-4668-BE54-9A1E7A4F7556}") = "0401. Match Full Name", "0401. Match Full Name\0401. Match Full Name.csproj", "{84C21A69-A7B3-46AF-8E08-A7E1D9002AB6}"
EndProject
Project("{9A19103F-16F7-4668-BE54-9A1E7A4F7556}") = "0402. Match Phone Number", "0402. Match Phone Number\0402. Match Phone Number.csproj", "{4D907EE8-3D30-4B69-A367-4F079B51502B}"
EndProject
Project("{9A19103F-16F7-4668-BE54-9A1E7A4F7556}") = "0403. Match Dates", "0403. Match Dates\0403. Match Dates.csproj", "{1F19721C-03AB-4610-90B6-2DC2E94ADA71}"
EndProject
Project("{2150E333-8FDC-42A3-9474-1A3956D46DE8}") = "05. Strings and Regular Expressions - Unit Testing Exercise", "05. Strings and Regular Expressions - Unit Testing Exercise", "{F78EACE0-7D16-4695-BDD9-36815DFB456E}"
EndProject
Project("{FAE04EC0-301F-11D3-BF4B-00C04F79EFBC}") = "0501. RepeatStrings", "0501. RepeatStrings\0501. RepeatStrings.csproj", "{417B22B7-CF38-4EE6-A8A8-F950485AEEC1}"
EndProject
Project("{FAE04EC0-301F-11D3-BF4B-00C04F79EFBC}") = "0501. RepeatStringsTests", "0501. RepeatStringsTests\0501. RepeatStringsTests.csproj", "{B6A43447-CF93-48E0-ABAD-E6A47A1CBF40}"
EndProject
Project("{FAE04EC0-301F-11D3-BF4B-00C04F79EFBC}") = "0502. Substring", "0502. Substring\0502. Substring.csproj", "{52B74561-45AB-4113-9AD1-993B3DDB4E04}"
EndProject
Project("{FAE04EC0-301F-11D3-BF4B-00C04F79EFBC}") = "0502.  SubstringTests", "0502.  SubstringTests\0502.  SubstringTests.csproj", "{304BF55D-06FF-4752-8E2B-D76F88372010}"
EndProject
Project("{FAE04EC0-301F-11D3-BF4B-00C04F79EFBC}") = "0503. TextFilterTests", "0503. TextFilterTests\0503. TextFilterTests.csproj", "{EB783F72-2A23-49E7-A746-EE24EDFF0A27}"
EndProject
Project("{FAE04EC0-301F-11D3-BF4B-00C04F79EFBC}") = "0503. TextFilter", "0503. TextFilter\0503. TextFilter.csproj", "{C07810F2-5AA9-4EDF-A923-96DE492E7DB5}"
EndProject
Project("{FAE04EC0-301F-11D3-BF4B-00C04F79EFBC}") = "0504. ReverseConcatenate", "0504. ReverseConcatenate\0504. ReverseConcatenate.csproj", "{5755588B-2EAA-42F9-B412-1B3A55F985D8}"
EndProject
Project("{FAE04EC0-301F-11D3-BF4B-00C04F79EFBC}") = "0504. ReverseConcatenateTests", "0504. ReverseConcatenateTests\0504. ReverseConcatenateTests.csproj", "{DCBFB1B8-2879-427F-A56F-2918A7CCB305}"
EndProject
Project("{FAE04EC0-301F-11D3-BF4B-00C04F79EFBC}") = "0505. Pattern", "0505. Pattern\0505. Pattern.csproj", "{C43EA6F9-E9B8-480E-B292-925B8AE2BB58}"
EndProject
Project("{FAE04EC0-301F-11D3-BF4B-00C04F79EFBC}") = "0505. PatternTests", "0505. PatternTests\0505. PatternTests.csproj", "{BC5688D5-40B1-42FD-8026-D00D7CC1EC1E}"
EndProject
Project("{FAE04EC0-301F-11D3-BF4B-00C04F79EFBC}") = "0506. MatchNames", "0506. MatchNames\0506. MatchNames.csproj", "{3DB48112-97E9-4055-A23A-0ABDBCCD9801}"
EndProject
Project("{FAE04EC0-301F-11D3-BF4B-00C04F79EFBC}") = "0506. MatchNamesTests", "0506. MatchNamesTests\0506. MatchNamesTests.csproj", "{16DEFFFB-3881-4726-8D78-2945BC2E431F}"
EndProject
Project("{FAE04EC0-301F-11D3-BF4B-00C04F79EFBC}") = "0507. MatchPhoneNumbers", "0507. MatchPhoneNumbers\0507. MatchPhoneNumbers.csproj", "{10321E14-18EF-4784-8862-3BF94A7A9000}"
EndProject
Project("{FAE04EC0-301F-11D3-BF4B-00C04F79EFBC}") = "0507. MatchPhoneNumbersTests", "0507. MatchPhoneNumbersTests\0507. MatchPhoneNumbersTests.csproj", "{B591FEF8-23F6-487B-8803-33E133534A49}"
EndProject
Project("{FAE04EC0-301F-11D3-BF4B-00C04F79EFBC}") = "0508. MatchDates", "0508. MatchDates\0508. MatchDates.csproj", "{AD877EBD-262A-48AA-8B57-08081B7F1DB1}"
EndProject
Project("{FAE04EC0-301F-11D3-BF4B-00C04F79EFBC}") = "0508. MatchDatesTests", "0508. MatchDatesTests\0508. MatchDatesTests.csproj", "{6D1F6BC3-B157-4EAD-A10C-36C56EC612C4}"
EndProject
Project("{FAE04EC0-301F-11D3-BF4B-00C04F79EFBC}") = "0509. MatchUrls", "0509. MatchUrls\0509. MatchUrls.csproj", "{AF4371F7-18DF-4AAC-93FB-CD99D28B8B86}"
EndProject
Project("{FAE04EC0-301F-11D3-BF4B-00C04F79EFBC}") = "0509. MatchUrlsTests", "0509. MatchUrlsTests\0509. MatchUrlsTests.csproj", "{6B31F7B9-5C20-4A97-9F30-2D9C19077C73}"
EndProject
Project("{FAE04EC0-301F-11D3-BF4B-00C04F79EFBC}") = "0510. EmailValidator", "0510. EmailValidator\0510. EmailValidator.csproj", "{D8A1842A-65D7-487F-8C70-4E67A0A7F27E}"
EndProject
Project("{FAE04EC0-301F-11D3-BF4B-00C04F79EFBC}") = "0510. EmailValidatorTests", "0510. EmailValidatorTests\0510. EmailValidatorTests.csproj", "{A6D2F881-4513-401B-8663-04D14CC57D87}"
EndProject
Project("{2150E333-8FDC-42A3-9474-1A3956D46DE8}") = "06. Dictionaries, Lambda and LINQ - Lab", "06. Dictionaries, Lambda and LINQ - Lab", "{838DEB98-728D-4CCA-9EED-205F12382C63}"
EndProject
Project("{FAE04EC0-301F-11D3-BF4B-00C04F79EFBC}") = "0601. Count Real Numbers", "0601. 0601. Count Real Numbers\0601. Count Real Numbers.csproj", "{73ECECAE-D74C-4F08-AD29-7851D13BEE93}"
EndProject
Project("{FAE04EC0-301F-11D3-BF4B-00C04F79EFBC}") = "0602. Odd Occurrences", "0602. Odd Occurrences\0602. Odd Occurrences.csproj", "{38AC7EC6-851D-4346-AB76-ADF8C9C49B7F}"
EndProject
Project("{FAE04EC0-301F-11D3-BF4B-00C04F79EFBC}") = "0603. Word Synonyms", "0603. Word Synonyms\0603. Word Synonyms.csproj", "{62087F90-5791-44C0-B11B-368E4704063E}"
EndProject
Project("{FAE04EC0-301F-11D3-BF4B-00C04F79EFBC}") = "0604. Word Filter", "0604. Word Filter\0604. Word Filter.csproj", "{35F935F6-ED74-4B44-A868-0324DC0BABE3}"
EndProject
Project("{2150E333-8FDC-42A3-9474-1A3956D46DE8}") = "07. Dictionaries, Lambda and LINQ - Exercise", "07. Dictionaries, Lambda and LINQ - Exercise", "{A1783983-C606-4909-9FCE-88DBC6D9883E}"
EndProject
Project("{FAE04EC0-301F-11D3-BF4B-00C04F79EFBC}") = "0701. CountCharsinaString", "0701. CountCharsinaString\0701. CountCharsinaString.csproj", "{F5BBF879-12A3-41DB-A544-1E219C13B6A6}"
EndProject
Project("{FAE04EC0-301F-11D3-BF4B-00C04F79EFBC}") = "0702. A Miner Task", "0702. A Miner Task\0702. A Miner Task.csproj", "{3AA44192-7F82-49FD-9C2B-A70DC9FFA843}"
EndProject
Project("{FAE04EC0-301F-11D3-BF4B-00C04F79EFBC}") = "0703. Orders", "0703. Orders\0703. Orders.csproj", "{E6D33EE6-9A57-4979-BEEF-204B64F930D6}"
EndProject
Project("{FAE04EC0-301F-11D3-BF4B-00C04F79EFBC}") = "0704. SoftUni Parking", "0704. SoftUni Parking\0704. SoftUni Parking.csproj", "{A8B6000D-09F4-4B23-BA93-E8766A02906F}"
EndProject
Project("{FAE04EC0-301F-11D3-BF4B-00C04F79EFBC}") = "0705. Student Academy", "0705. Student Academy\0705. Student Academy.csproj", "{B9A22550-A024-481D-B3AF-BD6C329CB902}"
EndProject
Project("{FAE04EC0-301F-11D3-BF4B-00C04F79EFBC}") = "0706. Company Users (not included in final score)", "0706. Company Users (not included in final score)\0706. Company Users (not included in final score).csproj", "{883B6876-8758-41D5-92DF-C53AC8612216}"
EndProject
Project("{2150E333-8FDC-42A3-9474-1A3956D46DE8}") = "08. Dictionaries, Lambda and LINQ - Unit Testing Exercise", "08. Dictionaries, Lambda and LINQ - Unit Testing Exercise", "{6F835B66-77B6-41B8-A7D6-FC01DC5F58C4}"
EndProject
Project("{FAE04EC0-301F-11D3-BF4B-00C04F79EFBC}") = "0801.  Count Characters", "0801.  Count Characters\0801.  Count Characters.csproj", "{5ED8BC34-492F-4365-BE90-196C7F5049DD}"
EndProject
Project("{FAE04EC0-301F-11D3-BF4B-00C04F79EFBC}") = "0801. CountCharactersTests", "0801. CountCharactersTests\0801. CountCharactersTests.csproj", "{4A29ADDD-A704-4452-B596-931EA9DBBBB4}"
EndProject
Project("{FAE04EC0-301F-11D3-BF4B-00C04F79EFBC}") = "0802. CountRealNumbers", "0802. CountRealNumbers\0802. CountRealNumbers.csproj", "{A2130843-2D0B-43DC-8164-1893F17F9758}"
EndProject
Project("{FAE04EC0-301F-11D3-BF4B-00C04F79EFBC}") = "0802. CountRealNumbersTests", "0802. CountRealNumbersTests\0802. CountRealNumbersTests.csproj", "{5ADE9CA7-E63A-45A4-90BB-86E9A15FF7C9}"
EndProject
Project("{FAE04EC0-301F-11D3-BF4B-00C04F79EFBC}") = "0803. Grouping", "0803. Grouping\0803. Grouping.csproj", "{4242C766-A1CA-4F77-AF23-57F605534CE0}"
EndProject
Project("{FAE04EC0-301F-11D3-BF4B-00C04F79EFBC}") = "0803. GroupingTests", "0803. GroupingTests\0803. GroupingTests.csproj", "{E82D72FE-F7FB-4636-B170-B1AFC77708FF}"
EndProject
Project("{FAE04EC0-301F-11D3-BF4B-00C04F79EFBC}") = "0804. OddOccurrences", "0804. OddOccurrences\0804. OddOccurrences.csproj", "{9EAEBFDD-98CB-401D-891A-D52A1A3E4A35}"
EndProject
Project("{FAE04EC0-301F-11D3-BF4B-00C04F79EFBC}") = "0804. OddOccurrencesTests", "084. OddOccurrencesTests\0804. OddOccurrencesTests.csproj", "{578A6D1F-B9AE-4694-9BEE-3D9206942F04}"
EndProject
Project("{FAE04EC0-301F-11D3-BF4B-00C04F79EFBC}") = "0805. Miner", "0805. Miner\0805. Miner.csproj", "{E74D755E-2762-4807-9DDE-367863FD2198}"
EndProject
Project("{FAE04EC0-301F-11D3-BF4B-00C04F79EFBC}") = "0805. MinerTests", "0805. MinerTests\0805. MinerTests.csproj", "{36536A9A-1751-4D69-BD12-AE6467789FC7}"
EndProject
Project("{FAE04EC0-301F-11D3-BF4B-00C04F79EFBC}") = "0806. Orders", "0806. Orders\0806. Orders.csproj", "{6A3850FB-84FA-4CD5-BD1B-399BC4CF0182}"
EndProject
Project("{FAE04EC0-301F-11D3-BF4B-00C04F79EFBC}") = "0806. OrdersTests", "0806. OrdersTests\0806. OrdersTests.csproj", "{D3EB34CC-5A92-4BC2-AE36-053FDB8BE3FA}"
EndProject
Project("{FAE04EC0-301F-11D3-BF4B-00C04F79EFBC}") = "0807. Plants", "0807. Plants\0807. Plants.csproj", "{2C454603-D882-4151-81EB-F6C15ADA42A5}"
EndProject
Project("{FAE04EC0-301F-11D3-BF4B-00C04F79EFBC}") = "0807. PlantsTests", "0807. PlantsTests\0807. PlantsTests.csproj", "{D96FB275-E6D9-4435-A7E1-9C8AEFDC3F48}"
EndProject
Project("{2150E333-8FDC-42A3-9474-1A3956D46DE8}") = "09. Objects and Classes - Lab", "09. Objects and Classes - Lab", "{548EF51A-DFC4-49B0-8A94-6136100BD6F8}"
EndProject
Project("{FAE04EC0-301F-11D3-BF4B-00C04F79EFBC}") = "0901. Songs", "0901. Songs\0901. Songs.csproj", "{73DD790A-576D-42AF-B5CB-94D9D1F70C6E}"
EndProject
Project("{FAE04EC0-301F-11D3-BF4B-00C04F79EFBC}") = "0902.  Students", "0902.  Students\0902.  Students.csproj", "{0FB6495B-941D-4F99-885D-47419E14F9F7}"
EndProject
Project("{FAE04EC0-301F-11D3-BF4B-00C04F79EFBC}") = "0903. Store Boxes", "0903. Store Boxes\0903. Store Boxes.csproj", "{0D4C1692-E7B9-4C9D-8F34-55C9373EE27D}"
EndProject
Project("{FAE04EC0-301F-11D3-BF4B-00C04F79EFBC}") = "0904. Vehicle Catalogue (not included in final score)", "0904. Vehicle Catalogue (not included in final score)\0904. Vehicle Catalogue (not included in final score).csproj", "{DCD97379-B0CF-431D-BDD2-374C9180ACD5}"
EndProject
Project("{2150E333-8FDC-42A3-9474-1A3956D46DE8}") = "10. Defining Classes - Lab", "10. Defining Classes - Lab", "{73C63209-A292-4536-A45C-49540B82B009}"
EndProject
Project("{FAE04EC0-301F-11D3-BF4B-00C04F79EFBC}") = "1001. CarManufacturer", "1001. CarManufacturer\1001. CarManufacturer.csproj", "{B189FBD7-B140-49B8-AC53-C1A904AA3C00}"
EndProject
Project("{2150E333-8FDC-42A3-9474-1A3956D46DE8}") = "11. Objects and Classes - Exercise", "11. Objects and Classes - Exercise", "{7E6032A4-4AAF-435F-BA5F-4F58833CF78B}"
EndProject
Project("{FAE04EC0-301F-11D3-BF4B-00C04F79EFBC}") = "1101. Students", "1101. Students\1101. Students.csproj", "{1FE8A472-E618-477A-B672-8A1F1A47A9E9}"
EndProject
Project("{FAE04EC0-301F-11D3-BF4B-00C04F79EFBC}") = "1102. Articles", "1102. Articles\1102. Articles.csproj", "{6E18A300-2802-4039-ABB1-8013C46D0038}"
EndProject
Project("{FAE04EC0-301F-11D3-BF4B-00C04F79EFBC}") = "1103. Teamwork Projects", "1103. Teamwork Projects\1103. Teamwork Projects.csproj", "{9F443562-5B68-4F71-9FBF-8888D8FCDE72}"
EndProject
Project("{FAE04EC0-301F-11D3-BF4B-00C04F79EFBC}") = "1104. Pokemon Trainer", "1104. Pokemon Trainer\1104. Pokemon Trainer.csproj", "{6BF4C974-2EFD-49B7-AD3A-8E414F83A969}"
EndProject
Project("{2150E333-8FDC-42A3-9474-1A3956D46DE8}") = "12. Objects and Classes - Unit Testing Exercise", "12. Objects and Classes - Unit Testing Exercise", "{DCD28CB0-E0EA-4BC6-B0AB-A6C77CF1CD58}"
EndProject
Project("{FAE04EC0-301F-11D3-BF4B-00C04F79EFBC}") = "1201. Student", "1201. Student\1201. Student.csproj", "{8B881DD5-7F30-46A5-A752-28C4100A8554}"
EndProject
Project("{FAE04EC0-301F-11D3-BF4B-00C04F79EFBC}") = "1201. StudentTests", "1201. StudentTests\1201. StudentTests.csproj", "{957E4A5B-4549-489B-82B0-41710B2E271F}"
EndProject
Project("{FAE04EC0-301F-11D3-BF4B-00C04F79EFBC}") = "1202. Song", "1202. Song\1202. Song.csproj", "{E7D113AC-693D-4FCD-BAEF-3197023632DB}"
EndProject
Project("{FAE04EC0-301F-11D3-BF4B-00C04F79EFBC}") = "1202. SongTests", "1202. SongTests\1202. SongTests.csproj", "{5E7360A1-47E8-4D74-B4CF-30573F705DFE}"
EndProject
Project("{2150E333-8FDC-42A3-9474-1A3956D46DE8}") = "1203. Store", "1203. Store", "{DF01415C-9E36-4DFF-945E-4486D92CE950}"
EndProject
Project("{FAE04EC0-301F-11D3-BF4B-00C04F79EFBC}") = "1203. ShopTests", "1203. ShopTests\1203. ShopTests.csproj", "{08113B2D-2807-4842-84E8-DC6AF605C861}"
EndProject
Project("{FAE04EC0-301F-11D3-BF4B-00C04F79EFBC}") = "1203. Store", "1203. Store\1203. Store.csproj", "{92A1E497-D112-4A38-BE9C-4B9C43E1A42F}"
EndProject
Project("{2150E333-8FDC-42A3-9474-1A3956D46DE8}") = "1204. Vehicle", "1204. Vehicle", "{7D25C763-7F0B-4FC3-BBA4-8E80E0C6B9FD}"
EndProject
Project("{FAE04EC0-301F-11D3-BF4B-00C04F79EFBC}") = "1204. Vehicle", "1204. Vehicle\1204. Vehicle.csproj", "{7950C8C0-5025-4B9C-8645-18E023E1AEA2}"
EndProject
Project("{FAE04EC0-301F-11D3-BF4B-00C04F79EFBC}") = "1204. VehicleTests", "1204. VehicleTests\1204. VehicleTests.csproj", "{B1BA7677-EAB7-44E7-80C8-CE462B41E027}"
EndProject
Project("{FAE04EC0-301F-11D3-BF4B-00C04F79EFBC}") = "1205. Person", "1205. Person\1205. Person.csproj", "{76577F1B-5113-49FE-B3D9-584485CFA03D}"
EndProject
Project("{FAE04EC0-301F-11D3-BF4B-00C04F79EFBC}") = "1205. PersonTests", "103. PersonTests\1205. PersonTests.csproj", "{366D0411-F4D3-4EE7-84C6-478FE927EF46}"
EndProject
Project("{FAE04EC0-301F-11D3-BF4B-00C04F79EFBC}") = "1206. Article", "1206. Article\1206. Article.csproj", "{EA0F1BFB-894A-41C1-89D4-4C6DB2255F32}"
EndProject
Project("{FAE04EC0-301F-11D3-BF4B-00C04F79EFBC}") = "1206. ArticleTests", "1206. ArticleTests\1206. ArticleTests.csproj", "{8C4D750D-605D-4701-BBDC-AC8C7C5CD7D4}"
EndProject
Project("{FAE04EC0-301F-11D3-BF4B-00C04F79EFBC}") = "1207. Planet", "1207. Planet\1207. Planet.csproj", "{7B9AB84D-9567-4047-891B-4321EA430643}"
EndProject
Project("{FAE04EC0-301F-11D3-BF4B-00C04F79EFBC}") = "1207. PlanetTests", "1207. PlanetTests\1207. PlanetTests.csproj", "{EA678FEA-AE72-47DE-9C39-C0060EC39228}"
EndProject
Project("{2150E333-8FDC-42A3-9474-1A3956D46DE8}") = "13. Exceptions and Error Handling - Lab", "13. Exceptions and Error Handling - Lab", "{B0F6FF8A-1329-46B4-AEBB-57216A9C3B46}"
EndProject
Project("{FAE04EC0-301F-11D3-BF4B-00C04F79EFBC}") = "1301. Square Root", "1301. Square Root\1301. Square Root.csproj", "{5182421C-B3D1-45BA-9C59-8BC618210106}"
EndProject
Project("{FAE04EC0-301F-11D3-BF4B-00C04F79EFBC}") = "1302. Enter Numbers", "1302. Enter Numbers\1302. Enter Numbers.csproj", "{D68FF427-5EA3-4543-A9A4-5F7F45FE3366}"
EndProject
Project("{FAE04EC0-301F-11D3-BF4B-00C04F79EFBC}") = "1303. Sum of Integers", "1303. Sum of Integers\1303. Sum of Integers.csproj", "{01F82EF9-F236-4E82-9BD2-97A06DCF3BE0}"
EndProject
Project("{FAE04EC0-301F-11D3-BF4B-00C04F79EFBC}") = "1304. Play catch", "1304. Play catch\1304. Play catch.csproj", "{E48CED7E-2C96-4D13-BC64-2BBB8CC05F1E}"
EndProject
Global
	GlobalSection(SolutionConfigurationPlatforms) = preSolution
		Debug|Any CPU = Debug|Any CPU
		Release|Any CPU = Release|Any CPU
	EndGlobalSection
	GlobalSection(ProjectConfigurationPlatforms) = postSolution
		{381FC693-191D-4616-BB79-87A345006AD8}.Debug|Any CPU.ActiveCfg = Debug|Any CPU
		{381FC693-191D-4616-BB79-87A345006AD8}.Debug|Any CPU.Build.0 = Debug|Any CPU
		{381FC693-191D-4616-BB79-87A345006AD8}.Release|Any CPU.ActiveCfg = Release|Any CPU
		{381FC693-191D-4616-BB79-87A345006AD8}.Release|Any CPU.Build.0 = Release|Any CPU
		{3769E7C1-9DAF-4015-94BC-AEF16F963BE1}.Debug|Any CPU.ActiveCfg = Debug|Any CPU
		{3769E7C1-9DAF-4015-94BC-AEF16F963BE1}.Debug|Any CPU.Build.0 = Debug|Any CPU
		{3769E7C1-9DAF-4015-94BC-AEF16F963BE1}.Release|Any CPU.ActiveCfg = Release|Any CPU
		{3769E7C1-9DAF-4015-94BC-AEF16F963BE1}.Release|Any CPU.Build.0 = Release|Any CPU
		{9E04AFEC-6EEB-4092-97AD-38B953AFA675}.Debug|Any CPU.ActiveCfg = Debug|Any CPU
		{9E04AFEC-6EEB-4092-97AD-38B953AFA675}.Debug|Any CPU.Build.0 = Debug|Any CPU
		{9E04AFEC-6EEB-4092-97AD-38B953AFA675}.Release|Any CPU.ActiveCfg = Release|Any CPU
		{9E04AFEC-6EEB-4092-97AD-38B953AFA675}.Release|Any CPU.Build.0 = Release|Any CPU
		{642DE622-FF0D-4E36-A97D-3DAFA712EB86}.Debug|Any CPU.ActiveCfg = Debug|Any CPU
		{642DE622-FF0D-4E36-A97D-3DAFA712EB86}.Debug|Any CPU.Build.0 = Debug|Any CPU
		{642DE622-FF0D-4E36-A97D-3DAFA712EB86}.Release|Any CPU.ActiveCfg = Release|Any CPU
		{642DE622-FF0D-4E36-A97D-3DAFA712EB86}.Release|Any CPU.Build.0 = Release|Any CPU
		{E4C05330-9E64-421E-8412-EAE1F5BBECC4}.Debug|Any CPU.ActiveCfg = Debug|Any CPU
		{E4C05330-9E64-421E-8412-EAE1F5BBECC4}.Debug|Any CPU.Build.0 = Debug|Any CPU
		{E4C05330-9E64-421E-8412-EAE1F5BBECC4}.Release|Any CPU.ActiveCfg = Release|Any CPU
		{E4C05330-9E64-421E-8412-EAE1F5BBECC4}.Release|Any CPU.Build.0 = Release|Any CPU
		{84C21A69-A7B3-46AF-8E08-A7E1D9002AB6}.Debug|Any CPU.ActiveCfg = Debug|Any CPU
		{84C21A69-A7B3-46AF-8E08-A7E1D9002AB6}.Debug|Any CPU.Build.0 = Debug|Any CPU
		{84C21A69-A7B3-46AF-8E08-A7E1D9002AB6}.Release|Any CPU.ActiveCfg = Release|Any CPU
		{84C21A69-A7B3-46AF-8E08-A7E1D9002AB6}.Release|Any CPU.Build.0 = Release|Any CPU
		{4D907EE8-3D30-4B69-A367-4F079B51502B}.Debug|Any CPU.ActiveCfg = Debug|Any CPU
		{4D907EE8-3D30-4B69-A367-4F079B51502B}.Debug|Any CPU.Build.0 = Debug|Any CPU
		{4D907EE8-3D30-4B69-A367-4F079B51502B}.Release|Any CPU.ActiveCfg = Release|Any CPU
		{4D907EE8-3D30-4B69-A367-4F079B51502B}.Release|Any CPU.Build.0 = Release|Any CPU
		{1F19721C-03AB-4610-90B6-2DC2E94ADA71}.Debug|Any CPU.ActiveCfg = Debug|Any CPU
		{1F19721C-03AB-4610-90B6-2DC2E94ADA71}.Debug|Any CPU.Build.0 = Debug|Any CPU
		{1F19721C-03AB-4610-90B6-2DC2E94ADA71}.Release|Any CPU.ActiveCfg = Release|Any CPU
		{1F19721C-03AB-4610-90B6-2DC2E94ADA71}.Release|Any CPU.Build.0 = Release|Any CPU
		{417B22B7-CF38-4EE6-A8A8-F950485AEEC1}.Debug|Any CPU.ActiveCfg = Debug|Any CPU
		{417B22B7-CF38-4EE6-A8A8-F950485AEEC1}.Debug|Any CPU.Build.0 = Debug|Any CPU
		{417B22B7-CF38-4EE6-A8A8-F950485AEEC1}.Release|Any CPU.ActiveCfg = Release|Any CPU
		{417B22B7-CF38-4EE6-A8A8-F950485AEEC1}.Release|Any CPU.Build.0 = Release|Any CPU
		{B6A43447-CF93-48E0-ABAD-E6A47A1CBF40}.Debug|Any CPU.ActiveCfg = Debug|Any CPU
		{B6A43447-CF93-48E0-ABAD-E6A47A1CBF40}.Debug|Any CPU.Build.0 = Debug|Any CPU
		{B6A43447-CF93-48E0-ABAD-E6A47A1CBF40}.Release|Any CPU.ActiveCfg = Release|Any CPU
		{B6A43447-CF93-48E0-ABAD-E6A47A1CBF40}.Release|Any CPU.Build.0 = Release|Any CPU
		{52B74561-45AB-4113-9AD1-993B3DDB4E04}.Debug|Any CPU.ActiveCfg = Debug|Any CPU
		{52B74561-45AB-4113-9AD1-993B3DDB4E04}.Debug|Any CPU.Build.0 = Debug|Any CPU
		{52B74561-45AB-4113-9AD1-993B3DDB4E04}.Release|Any CPU.ActiveCfg = Release|Any CPU
		{52B74561-45AB-4113-9AD1-993B3DDB4E04}.Release|Any CPU.Build.0 = Release|Any CPU
		{304BF55D-06FF-4752-8E2B-D76F88372010}.Debug|Any CPU.ActiveCfg = Debug|Any CPU
		{304BF55D-06FF-4752-8E2B-D76F88372010}.Debug|Any CPU.Build.0 = Debug|Any CPU
		{304BF55D-06FF-4752-8E2B-D76F88372010}.Release|Any CPU.ActiveCfg = Release|Any CPU
		{304BF55D-06FF-4752-8E2B-D76F88372010}.Release|Any CPU.Build.0 = Release|Any CPU
		{EB783F72-2A23-49E7-A746-EE24EDFF0A27}.Debug|Any CPU.ActiveCfg = Debug|Any CPU
		{EB783F72-2A23-49E7-A746-EE24EDFF0A27}.Debug|Any CPU.Build.0 = Debug|Any CPU
		{EB783F72-2A23-49E7-A746-EE24EDFF0A27}.Release|Any CPU.ActiveCfg = Release|Any CPU
		{EB783F72-2A23-49E7-A746-EE24EDFF0A27}.Release|Any CPU.Build.0 = Release|Any CPU
		{C07810F2-5AA9-4EDF-A923-96DE492E7DB5}.Debug|Any CPU.ActiveCfg = Debug|Any CPU
		{C07810F2-5AA9-4EDF-A923-96DE492E7DB5}.Debug|Any CPU.Build.0 = Debug|Any CPU
		{C07810F2-5AA9-4EDF-A923-96DE492E7DB5}.Release|Any CPU.ActiveCfg = Release|Any CPU
		{C07810F2-5AA9-4EDF-A923-96DE492E7DB5}.Release|Any CPU.Build.0 = Release|Any CPU
		{5755588B-2EAA-42F9-B412-1B3A55F985D8}.Debug|Any CPU.ActiveCfg = Debug|Any CPU
		{5755588B-2EAA-42F9-B412-1B3A55F985D8}.Debug|Any CPU.Build.0 = Debug|Any CPU
		{5755588B-2EAA-42F9-B412-1B3A55F985D8}.Release|Any CPU.ActiveCfg = Release|Any CPU
		{5755588B-2EAA-42F9-B412-1B3A55F985D8}.Release|Any CPU.Build.0 = Release|Any CPU
		{DCBFB1B8-2879-427F-A56F-2918A7CCB305}.Debug|Any CPU.ActiveCfg = Debug|Any CPU
		{DCBFB1B8-2879-427F-A56F-2918A7CCB305}.Debug|Any CPU.Build.0 = Debug|Any CPU
		{DCBFB1B8-2879-427F-A56F-2918A7CCB305}.Release|Any CPU.ActiveCfg = Release|Any CPU
		{DCBFB1B8-2879-427F-A56F-2918A7CCB305}.Release|Any CPU.Build.0 = Release|Any CPU
		{C43EA6F9-E9B8-480E-B292-925B8AE2BB58}.Debug|Any CPU.ActiveCfg = Debug|Any CPU
		{C43EA6F9-E9B8-480E-B292-925B8AE2BB58}.Debug|Any CPU.Build.0 = Debug|Any CPU
		{C43EA6F9-E9B8-480E-B292-925B8AE2BB58}.Release|Any CPU.ActiveCfg = Release|Any CPU
		{C43EA6F9-E9B8-480E-B292-925B8AE2BB58}.Release|Any CPU.Build.0 = Release|Any CPU
		{BC5688D5-40B1-42FD-8026-D00D7CC1EC1E}.Debug|Any CPU.ActiveCfg = Debug|Any CPU
		{BC5688D5-40B1-42FD-8026-D00D7CC1EC1E}.Debug|Any CPU.Build.0 = Debug|Any CPU
		{BC5688D5-40B1-42FD-8026-D00D7CC1EC1E}.Release|Any CPU.ActiveCfg = Release|Any CPU
		{BC5688D5-40B1-42FD-8026-D00D7CC1EC1E}.Release|Any CPU.Build.0 = Release|Any CPU
		{3DB48112-97E9-4055-A23A-0ABDBCCD9801}.Debug|Any CPU.ActiveCfg = Debug|Any CPU
		{3DB48112-97E9-4055-A23A-0ABDBCCD9801}.Debug|Any CPU.Build.0 = Debug|Any CPU
		{3DB48112-97E9-4055-A23A-0ABDBCCD9801}.Release|Any CPU.ActiveCfg = Release|Any CPU
		{3DB48112-97E9-4055-A23A-0ABDBCCD9801}.Release|Any CPU.Build.0 = Release|Any CPU
		{16DEFFFB-3881-4726-8D78-2945BC2E431F}.Debug|Any CPU.ActiveCfg = Debug|Any CPU
		{16DEFFFB-3881-4726-8D78-2945BC2E431F}.Debug|Any CPU.Build.0 = Debug|Any CPU
		{16DEFFFB-3881-4726-8D78-2945BC2E431F}.Release|Any CPU.ActiveCfg = Release|Any CPU
		{16DEFFFB-3881-4726-8D78-2945BC2E431F}.Release|Any CPU.Build.0 = Release|Any CPU
		{10321E14-18EF-4784-8862-3BF94A7A9000}.Debug|Any CPU.ActiveCfg = Debug|Any CPU
		{10321E14-18EF-4784-8862-3BF94A7A9000}.Debug|Any CPU.Build.0 = Debug|Any CPU
		{10321E14-18EF-4784-8862-3BF94A7A9000}.Release|Any CPU.ActiveCfg = Release|Any CPU
		{10321E14-18EF-4784-8862-3BF94A7A9000}.Release|Any CPU.Build.0 = Release|Any CPU
		{B591FEF8-23F6-487B-8803-33E133534A49}.Debug|Any CPU.ActiveCfg = Debug|Any CPU
		{B591FEF8-23F6-487B-8803-33E133534A49}.Debug|Any CPU.Build.0 = Debug|Any CPU
		{B591FEF8-23F6-487B-8803-33E133534A49}.Release|Any CPU.ActiveCfg = Release|Any CPU
		{B591FEF8-23F6-487B-8803-33E133534A49}.Release|Any CPU.Build.0 = Release|Any CPU
		{AD877EBD-262A-48AA-8B57-08081B7F1DB1}.Debug|Any CPU.ActiveCfg = Debug|Any CPU
		{AD877EBD-262A-48AA-8B57-08081B7F1DB1}.Debug|Any CPU.Build.0 = Debug|Any CPU
		{AD877EBD-262A-48AA-8B57-08081B7F1DB1}.Release|Any CPU.ActiveCfg = Release|Any CPU
		{AD877EBD-262A-48AA-8B57-08081B7F1DB1}.Release|Any CPU.Build.0 = Release|Any CPU
		{6D1F6BC3-B157-4EAD-A10C-36C56EC612C4}.Debug|Any CPU.ActiveCfg = Debug|Any CPU
		{6D1F6BC3-B157-4EAD-A10C-36C56EC612C4}.Debug|Any CPU.Build.0 = Debug|Any CPU
		{6D1F6BC3-B157-4EAD-A10C-36C56EC612C4}.Release|Any CPU.ActiveCfg = Release|Any CPU
		{6D1F6BC3-B157-4EAD-A10C-36C56EC612C4}.Release|Any CPU.Build.0 = Release|Any CPU
		{AF4371F7-18DF-4AAC-93FB-CD99D28B8B86}.Debug|Any CPU.ActiveCfg = Debug|Any CPU
		{AF4371F7-18DF-4AAC-93FB-CD99D28B8B86}.Debug|Any CPU.Build.0 = Debug|Any CPU
		{AF4371F7-18DF-4AAC-93FB-CD99D28B8B86}.Release|Any CPU.ActiveCfg = Release|Any CPU
		{AF4371F7-18DF-4AAC-93FB-CD99D28B8B86}.Release|Any CPU.Build.0 = Release|Any CPU
		{6B31F7B9-5C20-4A97-9F30-2D9C19077C73}.Debug|Any CPU.ActiveCfg = Debug|Any CPU
		{6B31F7B9-5C20-4A97-9F30-2D9C19077C73}.Debug|Any CPU.Build.0 = Debug|Any CPU
		{6B31F7B9-5C20-4A97-9F30-2D9C19077C73}.Release|Any CPU.ActiveCfg = Release|Any CPU
		{6B31F7B9-5C20-4A97-9F30-2D9C19077C73}.Release|Any CPU.Build.0 = Release|Any CPU
		{D8A1842A-65D7-487F-8C70-4E67A0A7F27E}.Debug|Any CPU.ActiveCfg = Debug|Any CPU
		{D8A1842A-65D7-487F-8C70-4E67A0A7F27E}.Debug|Any CPU.Build.0 = Debug|Any CPU
		{D8A1842A-65D7-487F-8C70-4E67A0A7F27E}.Release|Any CPU.ActiveCfg = Release|Any CPU
		{D8A1842A-65D7-487F-8C70-4E67A0A7F27E}.Release|Any CPU.Build.0 = Release|Any CPU
		{A6D2F881-4513-401B-8663-04D14CC57D87}.Debug|Any CPU.ActiveCfg = Debug|Any CPU
		{A6D2F881-4513-401B-8663-04D14CC57D87}.Debug|Any CPU.Build.0 = Debug|Any CPU
		{A6D2F881-4513-401B-8663-04D14CC57D87}.Release|Any CPU.ActiveCfg = Release|Any CPU
		{A6D2F881-4513-401B-8663-04D14CC57D87}.Release|Any CPU.Build.0 = Release|Any CPU
		{73ECECAE-D74C-4F08-AD29-7851D13BEE93}.Debug|Any CPU.ActiveCfg = Debug|Any CPU
		{73ECECAE-D74C-4F08-AD29-7851D13BEE93}.Debug|Any CPU.Build.0 = Debug|Any CPU
		{73ECECAE-D74C-4F08-AD29-7851D13BEE93}.Release|Any CPU.ActiveCfg = Release|Any CPU
		{73ECECAE-D74C-4F08-AD29-7851D13BEE93}.Release|Any CPU.Build.0 = Release|Any CPU
		{38AC7EC6-851D-4346-AB76-ADF8C9C49B7F}.Debug|Any CPU.ActiveCfg = Debug|Any CPU
		{38AC7EC6-851D-4346-AB76-ADF8C9C49B7F}.Debug|Any CPU.Build.0 = Debug|Any CPU
		{38AC7EC6-851D-4346-AB76-ADF8C9C49B7F}.Release|Any CPU.ActiveCfg = Release|Any CPU
		{38AC7EC6-851D-4346-AB76-ADF8C9C49B7F}.Release|Any CPU.Build.0 = Release|Any CPU
		{62087F90-5791-44C0-B11B-368E4704063E}.Debug|Any CPU.ActiveCfg = Debug|Any CPU
		{62087F90-5791-44C0-B11B-368E4704063E}.Debug|Any CPU.Build.0 = Debug|Any CPU
		{62087F90-5791-44C0-B11B-368E4704063E}.Release|Any CPU.ActiveCfg = Release|Any CPU
		{62087F90-5791-44C0-B11B-368E4704063E}.Release|Any CPU.Build.0 = Release|Any CPU
		{35F935F6-ED74-4B44-A868-0324DC0BABE3}.Debug|Any CPU.ActiveCfg = Debug|Any CPU
		{35F935F6-ED74-4B44-A868-0324DC0BABE3}.Debug|Any CPU.Build.0 = Debug|Any CPU
		{35F935F6-ED74-4B44-A868-0324DC0BABE3}.Release|Any CPU.ActiveCfg = Release|Any CPU
		{35F935F6-ED74-4B44-A868-0324DC0BABE3}.Release|Any CPU.Build.0 = Release|Any CPU
		{F5BBF879-12A3-41DB-A544-1E219C13B6A6}.Debug|Any CPU.ActiveCfg = Debug|Any CPU
		{F5BBF879-12A3-41DB-A544-1E219C13B6A6}.Debug|Any CPU.Build.0 = Debug|Any CPU
		{F5BBF879-12A3-41DB-A544-1E219C13B6A6}.Release|Any CPU.ActiveCfg = Release|Any CPU
		{F5BBF879-12A3-41DB-A544-1E219C13B6A6}.Release|Any CPU.Build.0 = Release|Any CPU
		{3AA44192-7F82-49FD-9C2B-A70DC9FFA843}.Debug|Any CPU.ActiveCfg = Debug|Any CPU
		{3AA44192-7F82-49FD-9C2B-A70DC9FFA843}.Debug|Any CPU.Build.0 = Debug|Any CPU
		{3AA44192-7F82-49FD-9C2B-A70DC9FFA843}.Release|Any CPU.ActiveCfg = Release|Any CPU
		{3AA44192-7F82-49FD-9C2B-A70DC9FFA843}.Release|Any CPU.Build.0 = Release|Any CPU
		{E6D33EE6-9A57-4979-BEEF-204B64F930D6}.Debug|Any CPU.ActiveCfg = Debug|Any CPU
		{E6D33EE6-9A57-4979-BEEF-204B64F930D6}.Debug|Any CPU.Build.0 = Debug|Any CPU
		{E6D33EE6-9A57-4979-BEEF-204B64F930D6}.Release|Any CPU.ActiveCfg = Release|Any CPU
		{E6D33EE6-9A57-4979-BEEF-204B64F930D6}.Release|Any CPU.Build.0 = Release|Any CPU
		{A8B6000D-09F4-4B23-BA93-E8766A02906F}.Debug|Any CPU.ActiveCfg = Debug|Any CPU
		{A8B6000D-09F4-4B23-BA93-E8766A02906F}.Debug|Any CPU.Build.0 = Debug|Any CPU
		{A8B6000D-09F4-4B23-BA93-E8766A02906F}.Release|Any CPU.ActiveCfg = Release|Any CPU
		{A8B6000D-09F4-4B23-BA93-E8766A02906F}.Release|Any CPU.Build.0 = Release|Any CPU
		{B9A22550-A024-481D-B3AF-BD6C329CB902}.Debug|Any CPU.ActiveCfg = Debug|Any CPU
		{B9A22550-A024-481D-B3AF-BD6C329CB902}.Debug|Any CPU.Build.0 = Debug|Any CPU
		{B9A22550-A024-481D-B3AF-BD6C329CB902}.Release|Any CPU.ActiveCfg = Release|Any CPU
		{B9A22550-A024-481D-B3AF-BD6C329CB902}.Release|Any CPU.Build.0 = Release|Any CPU
		{883B6876-8758-41D5-92DF-C53AC8612216}.Debug|Any CPU.ActiveCfg = Debug|Any CPU
		{883B6876-8758-41D5-92DF-C53AC8612216}.Debug|Any CPU.Build.0 = Debug|Any CPU
		{883B6876-8758-41D5-92DF-C53AC8612216}.Release|Any CPU.ActiveCfg = Release|Any CPU
		{883B6876-8758-41D5-92DF-C53AC8612216}.Release|Any CPU.Build.0 = Release|Any CPU
		{5ED8BC34-492F-4365-BE90-196C7F5049DD}.Debug|Any CPU.ActiveCfg = Debug|Any CPU
		{5ED8BC34-492F-4365-BE90-196C7F5049DD}.Debug|Any CPU.Build.0 = Debug|Any CPU
		{5ED8BC34-492F-4365-BE90-196C7F5049DD}.Release|Any CPU.ActiveCfg = Release|Any CPU
		{5ED8BC34-492F-4365-BE90-196C7F5049DD}.Release|Any CPU.Build.0 = Release|Any CPU
		{4A29ADDD-A704-4452-B596-931EA9DBBBB4}.Debug|Any CPU.ActiveCfg = Debug|Any CPU
		{4A29ADDD-A704-4452-B596-931EA9DBBBB4}.Debug|Any CPU.Build.0 = Debug|Any CPU
		{4A29ADDD-A704-4452-B596-931EA9DBBBB4}.Release|Any CPU.ActiveCfg = Release|Any CPU
		{4A29ADDD-A704-4452-B596-931EA9DBBBB4}.Release|Any CPU.Build.0 = Release|Any CPU
		{A2130843-2D0B-43DC-8164-1893F17F9758}.Debug|Any CPU.ActiveCfg = Debug|Any CPU
		{A2130843-2D0B-43DC-8164-1893F17F9758}.Debug|Any CPU.Build.0 = Debug|Any CPU
		{A2130843-2D0B-43DC-8164-1893F17F9758}.Release|Any CPU.ActiveCfg = Release|Any CPU
		{A2130843-2D0B-43DC-8164-1893F17F9758}.Release|Any CPU.Build.0 = Release|Any CPU
		{5ADE9CA7-E63A-45A4-90BB-86E9A15FF7C9}.Debug|Any CPU.ActiveCfg = Debug|Any CPU
		{5ADE9CA7-E63A-45A4-90BB-86E9A15FF7C9}.Debug|Any CPU.Build.0 = Debug|Any CPU
		{5ADE9CA7-E63A-45A4-90BB-86E9A15FF7C9}.Release|Any CPU.ActiveCfg = Release|Any CPU
		{5ADE9CA7-E63A-45A4-90BB-86E9A15FF7C9}.Release|Any CPU.Build.0 = Release|Any CPU
		{4242C766-A1CA-4F77-AF23-57F605534CE0}.Debug|Any CPU.ActiveCfg = Debug|Any CPU
		{4242C766-A1CA-4F77-AF23-57F605534CE0}.Debug|Any CPU.Build.0 = Debug|Any CPU
		{4242C766-A1CA-4F77-AF23-57F605534CE0}.Release|Any CPU.ActiveCfg = Release|Any CPU
		{4242C766-A1CA-4F77-AF23-57F605534CE0}.Release|Any CPU.Build.0 = Release|Any CPU
		{E82D72FE-F7FB-4636-B170-B1AFC77708FF}.Debug|Any CPU.ActiveCfg = Debug|Any CPU
		{E82D72FE-F7FB-4636-B170-B1AFC77708FF}.Debug|Any CPU.Build.0 = Debug|Any CPU
		{E82D72FE-F7FB-4636-B170-B1AFC77708FF}.Release|Any CPU.ActiveCfg = Release|Any CPU
		{E82D72FE-F7FB-4636-B170-B1AFC77708FF}.Release|Any CPU.Build.0 = Release|Any CPU
		{9EAEBFDD-98CB-401D-891A-D52A1A3E4A35}.Debug|Any CPU.ActiveCfg = Debug|Any CPU
		{9EAEBFDD-98CB-401D-891A-D52A1A3E4A35}.Debug|Any CPU.Build.0 = Debug|Any CPU
		{9EAEBFDD-98CB-401D-891A-D52A1A3E4A35}.Release|Any CPU.ActiveCfg = Release|Any CPU
		{9EAEBFDD-98CB-401D-891A-D52A1A3E4A35}.Release|Any CPU.Build.0 = Release|Any CPU
		{578A6D1F-B9AE-4694-9BEE-3D9206942F04}.Debug|Any CPU.ActiveCfg = Debug|Any CPU
		{578A6D1F-B9AE-4694-9BEE-3D9206942F04}.Debug|Any CPU.Build.0 = Debug|Any CPU
		{578A6D1F-B9AE-4694-9BEE-3D9206942F04}.Release|Any CPU.ActiveCfg = Release|Any CPU
		{578A6D1F-B9AE-4694-9BEE-3D9206942F04}.Release|Any CPU.Build.0 = Release|Any CPU
		{E74D755E-2762-4807-9DDE-367863FD2198}.Debug|Any CPU.ActiveCfg = Debug|Any CPU
		{E74D755E-2762-4807-9DDE-367863FD2198}.Debug|Any CPU.Build.0 = Debug|Any CPU
		{E74D755E-2762-4807-9DDE-367863FD2198}.Release|Any CPU.ActiveCfg = Release|Any CPU
		{E74D755E-2762-4807-9DDE-367863FD2198}.Release|Any CPU.Build.0 = Release|Any CPU
		{36536A9A-1751-4D69-BD12-AE6467789FC7}.Debug|Any CPU.ActiveCfg = Debug|Any CPU
		{36536A9A-1751-4D69-BD12-AE6467789FC7}.Debug|Any CPU.Build.0 = Debug|Any CPU
		{36536A9A-1751-4D69-BD12-AE6467789FC7}.Release|Any CPU.ActiveCfg = Release|Any CPU
		{36536A9A-1751-4D69-BD12-AE6467789FC7}.Release|Any CPU.Build.0 = Release|Any CPU
		{6A3850FB-84FA-4CD5-BD1B-399BC4CF0182}.Debug|Any CPU.ActiveCfg = Debug|Any CPU
		{6A3850FB-84FA-4CD5-BD1B-399BC4CF0182}.Debug|Any CPU.Build.0 = Debug|Any CPU
		{6A3850FB-84FA-4CD5-BD1B-399BC4CF0182}.Release|Any CPU.ActiveCfg = Release|Any CPU
		{6A3850FB-84FA-4CD5-BD1B-399BC4CF0182}.Release|Any CPU.Build.0 = Release|Any CPU
		{D3EB34CC-5A92-4BC2-AE36-053FDB8BE3FA}.Debug|Any CPU.ActiveCfg = Debug|Any CPU
		{D3EB34CC-5A92-4BC2-AE36-053FDB8BE3FA}.Debug|Any CPU.Build.0 = Debug|Any CPU
		{D3EB34CC-5A92-4BC2-AE36-053FDB8BE3FA}.Release|Any CPU.ActiveCfg = Release|Any CPU
		{D3EB34CC-5A92-4BC2-AE36-053FDB8BE3FA}.Release|Any CPU.Build.0 = Release|Any CPU
		{2C454603-D882-4151-81EB-F6C15ADA42A5}.Debug|Any CPU.ActiveCfg = Debug|Any CPU
		{2C454603-D882-4151-81EB-F6C15ADA42A5}.Debug|Any CPU.Build.0 = Debug|Any CPU
		{2C454603-D882-4151-81EB-F6C15ADA42A5}.Release|Any CPU.ActiveCfg = Release|Any CPU
		{2C454603-D882-4151-81EB-F6C15ADA42A5}.Release|Any CPU.Build.0 = Release|Any CPU
		{D96FB275-E6D9-4435-A7E1-9C8AEFDC3F48}.Debug|Any CPU.ActiveCfg = Debug|Any CPU
		{D96FB275-E6D9-4435-A7E1-9C8AEFDC3F48}.Debug|Any CPU.Build.0 = Debug|Any CPU
		{D96FB275-E6D9-4435-A7E1-9C8AEFDC3F48}.Release|Any CPU.ActiveCfg = Release|Any CPU
		{D96FB275-E6D9-4435-A7E1-9C8AEFDC3F48}.Release|Any CPU.Build.0 = Release|Any CPU
		{73DD790A-576D-42AF-B5CB-94D9D1F70C6E}.Debug|Any CPU.ActiveCfg = Debug|Any CPU
		{73DD790A-576D-42AF-B5CB-94D9D1F70C6E}.Debug|Any CPU.Build.0 = Debug|Any CPU
		{73DD790A-576D-42AF-B5CB-94D9D1F70C6E}.Release|Any CPU.ActiveCfg = Release|Any CPU
		{73DD790A-576D-42AF-B5CB-94D9D1F70C6E}.Release|Any CPU.Build.0 = Release|Any CPU
		{0FB6495B-941D-4F99-885D-47419E14F9F7}.Debug|Any CPU.ActiveCfg = Debug|Any CPU
		{0FB6495B-941D-4F99-885D-47419E14F9F7}.Debug|Any CPU.Build.0 = Debug|Any CPU
		{0FB6495B-941D-4F99-885D-47419E14F9F7}.Release|Any CPU.ActiveCfg = Release|Any CPU
		{0FB6495B-941D-4F99-885D-47419E14F9F7}.Release|Any CPU.Build.0 = Release|Any CPU
		{0D4C1692-E7B9-4C9D-8F34-55C9373EE27D}.Debug|Any CPU.ActiveCfg = Debug|Any CPU
		{0D4C1692-E7B9-4C9D-8F34-55C9373EE27D}.Debug|Any CPU.Build.0 = Debug|Any CPU
		{0D4C1692-E7B9-4C9D-8F34-55C9373EE27D}.Release|Any CPU.ActiveCfg = Release|Any CPU
		{0D4C1692-E7B9-4C9D-8F34-55C9373EE27D}.Release|Any CPU.Build.0 = Release|Any CPU
		{DCD97379-B0CF-431D-BDD2-374C9180ACD5}.Debug|Any CPU.ActiveCfg = Debug|Any CPU
		{DCD97379-B0CF-431D-BDD2-374C9180ACD5}.Debug|Any CPU.Build.0 = Debug|Any CPU
		{DCD97379-B0CF-431D-BDD2-374C9180ACD5}.Release|Any CPU.ActiveCfg = Release|Any CPU
		{DCD97379-B0CF-431D-BDD2-374C9180ACD5}.Release|Any CPU.Build.0 = Release|Any CPU
		{B189FBD7-B140-49B8-AC53-C1A904AA3C00}.Debug|Any CPU.ActiveCfg = Debug|Any CPU
		{B189FBD7-B140-49B8-AC53-C1A904AA3C00}.Debug|Any CPU.Build.0 = Debug|Any CPU
		{B189FBD7-B140-49B8-AC53-C1A904AA3C00}.Release|Any CPU.ActiveCfg = Release|Any CPU
		{B189FBD7-B140-49B8-AC53-C1A904AA3C00}.Release|Any CPU.Build.0 = Release|Any CPU
		{1FE8A472-E618-477A-B672-8A1F1A47A9E9}.Debug|Any CPU.ActiveCfg = Debug|Any CPU
		{1FE8A472-E618-477A-B672-8A1F1A47A9E9}.Debug|Any CPU.Build.0 = Debug|Any CPU
		{1FE8A472-E618-477A-B672-8A1F1A47A9E9}.Release|Any CPU.ActiveCfg = Release|Any CPU
		{1FE8A472-E618-477A-B672-8A1F1A47A9E9}.Release|Any CPU.Build.0 = Release|Any CPU
		{6E18A300-2802-4039-ABB1-8013C46D0038}.Debug|Any CPU.ActiveCfg = Debug|Any CPU
		{6E18A300-2802-4039-ABB1-8013C46D0038}.Debug|Any CPU.Build.0 = Debug|Any CPU
		{6E18A300-2802-4039-ABB1-8013C46D0038}.Release|Any CPU.ActiveCfg = Release|Any CPU
		{6E18A300-2802-4039-ABB1-8013C46D0038}.Release|Any CPU.Build.0 = Release|Any CPU
		{9F443562-5B68-4F71-9FBF-8888D8FCDE72}.Debug|Any CPU.ActiveCfg = Debug|Any CPU
		{9F443562-5B68-4F71-9FBF-8888D8FCDE72}.Debug|Any CPU.Build.0 = Debug|Any CPU
		{9F443562-5B68-4F71-9FBF-8888D8FCDE72}.Release|Any CPU.ActiveCfg = Release|Any CPU
		{9F443562-5B68-4F71-9FBF-8888D8FCDE72}.Release|Any CPU.Build.0 = Release|Any CPU
		{6BF4C974-2EFD-49B7-AD3A-8E414F83A969}.Debug|Any CPU.ActiveCfg = Debug|Any CPU
		{6BF4C974-2EFD-49B7-AD3A-8E414F83A969}.Debug|Any CPU.Build.0 = Debug|Any CPU
		{6BF4C974-2EFD-49B7-AD3A-8E414F83A969}.Release|Any CPU.ActiveCfg = Release|Any CPU
		{6BF4C974-2EFD-49B7-AD3A-8E414F83A969}.Release|Any CPU.Build.0 = Release|Any CPU
		{8B881DD5-7F30-46A5-A752-28C4100A8554}.Debug|Any CPU.ActiveCfg = Debug|Any CPU
		{8B881DD5-7F30-46A5-A752-28C4100A8554}.Debug|Any CPU.Build.0 = Debug|Any CPU
		{8B881DD5-7F30-46A5-A752-28C4100A8554}.Release|Any CPU.ActiveCfg = Release|Any CPU
		{8B881DD5-7F30-46A5-A752-28C4100A8554}.Release|Any CPU.Build.0 = Release|Any CPU
		{957E4A5B-4549-489B-82B0-41710B2E271F}.Debug|Any CPU.ActiveCfg = Debug|Any CPU
		{957E4A5B-4549-489B-82B0-41710B2E271F}.Debug|Any CPU.Build.0 = Debug|Any CPU
		{957E4A5B-4549-489B-82B0-41710B2E271F}.Release|Any CPU.ActiveCfg = Release|Any CPU
		{957E4A5B-4549-489B-82B0-41710B2E271F}.Release|Any CPU.Build.0 = Release|Any CPU
		{E7D113AC-693D-4FCD-BAEF-3197023632DB}.Debug|Any CPU.ActiveCfg = Debug|Any CPU
		{E7D113AC-693D-4FCD-BAEF-3197023632DB}.Debug|Any CPU.Build.0 = Debug|Any CPU
		{E7D113AC-693D-4FCD-BAEF-3197023632DB}.Release|Any CPU.ActiveCfg = Release|Any CPU
		{E7D113AC-693D-4FCD-BAEF-3197023632DB}.Release|Any CPU.Build.0 = Release|Any CPU
		{5E7360A1-47E8-4D74-B4CF-30573F705DFE}.Debug|Any CPU.ActiveCfg = Debug|Any CPU
		{5E7360A1-47E8-4D74-B4CF-30573F705DFE}.Debug|Any CPU.Build.0 = Debug|Any CPU
		{5E7360A1-47E8-4D74-B4CF-30573F705DFE}.Release|Any CPU.ActiveCfg = Release|Any CPU
		{5E7360A1-47E8-4D74-B4CF-30573F705DFE}.Release|Any CPU.Build.0 = Release|Any CPU
		{08113B2D-2807-4842-84E8-DC6AF605C861}.Debug|Any CPU.ActiveCfg = Debug|Any CPU
		{08113B2D-2807-4842-84E8-DC6AF605C861}.Debug|Any CPU.Build.0 = Debug|Any CPU
		{08113B2D-2807-4842-84E8-DC6AF605C861}.Release|Any CPU.ActiveCfg = Release|Any CPU
		{08113B2D-2807-4842-84E8-DC6AF605C861}.Release|Any CPU.Build.0 = Release|Any CPU
		{92A1E497-D112-4A38-BE9C-4B9C43E1A42F}.Debug|Any CPU.ActiveCfg = Debug|Any CPU
		{92A1E497-D112-4A38-BE9C-4B9C43E1A42F}.Debug|Any CPU.Build.0 = Debug|Any CPU
		{92A1E497-D112-4A38-BE9C-4B9C43E1A42F}.Release|Any CPU.ActiveCfg = Release|Any CPU
		{92A1E497-D112-4A38-BE9C-4B9C43E1A42F}.Release|Any CPU.Build.0 = Release|Any CPU
		{7950C8C0-5025-4B9C-8645-18E023E1AEA2}.Debug|Any CPU.ActiveCfg = Debug|Any CPU
		{7950C8C0-5025-4B9C-8645-18E023E1AEA2}.Debug|Any CPU.Build.0 = Debug|Any CPU
		{7950C8C0-5025-4B9C-8645-18E023E1AEA2}.Release|Any CPU.ActiveCfg = Release|Any CPU
		{7950C8C0-5025-4B9C-8645-18E023E1AEA2}.Release|Any CPU.Build.0 = Release|Any CPU
		{B1BA7677-EAB7-44E7-80C8-CE462B41E027}.Debug|Any CPU.ActiveCfg = Debug|Any CPU
		{B1BA7677-EAB7-44E7-80C8-CE462B41E027}.Debug|Any CPU.Build.0 = Debug|Any CPU
		{B1BA7677-EAB7-44E7-80C8-CE462B41E027}.Release|Any CPU.ActiveCfg = Release|Any CPU
		{B1BA7677-EAB7-44E7-80C8-CE462B41E027}.Release|Any CPU.Build.0 = Release|Any CPU
		{76577F1B-5113-49FE-B3D9-584485CFA03D}.Debug|Any CPU.ActiveCfg = Debug|Any CPU
		{76577F1B-5113-49FE-B3D9-584485CFA03D}.Debug|Any CPU.Build.0 = Debug|Any CPU
		{76577F1B-5113-49FE-B3D9-584485CFA03D}.Release|Any CPU.ActiveCfg = Release|Any CPU
		{76577F1B-5113-49FE-B3D9-584485CFA03D}.Release|Any CPU.Build.0 = Release|Any CPU
		{366D0411-F4D3-4EE7-84C6-478FE927EF46}.Debug|Any CPU.ActiveCfg = Debug|Any CPU
		{366D0411-F4D3-4EE7-84C6-478FE927EF46}.Debug|Any CPU.Build.0 = Debug|Any CPU
		{366D0411-F4D3-4EE7-84C6-478FE927EF46}.Release|Any CPU.ActiveCfg = Release|Any CPU
		{366D0411-F4D3-4EE7-84C6-478FE927EF46}.Release|Any CPU.Build.0 = Release|Any CPU
		{EA0F1BFB-894A-41C1-89D4-4C6DB2255F32}.Debug|Any CPU.ActiveCfg = Debug|Any CPU
		{EA0F1BFB-894A-41C1-89D4-4C6DB2255F32}.Debug|Any CPU.Build.0 = Debug|Any CPU
		{EA0F1BFB-894A-41C1-89D4-4C6DB2255F32}.Release|Any CPU.ActiveCfg = Release|Any CPU
		{EA0F1BFB-894A-41C1-89D4-4C6DB2255F32}.Release|Any CPU.Build.0 = Release|Any CPU
		{8C4D750D-605D-4701-BBDC-AC8C7C5CD7D4}.Debug|Any CPU.ActiveCfg = Debug|Any CPU
		{8C4D750D-605D-4701-BBDC-AC8C7C5CD7D4}.Debug|Any CPU.Build.0 = Debug|Any CPU
		{8C4D750D-605D-4701-BBDC-AC8C7C5CD7D4}.Release|Any CPU.ActiveCfg = Release|Any CPU
		{8C4D750D-605D-4701-BBDC-AC8C7C5CD7D4}.Release|Any CPU.Build.0 = Release|Any CPU
		{7B9AB84D-9567-4047-891B-4321EA430643}.Debug|Any CPU.ActiveCfg = Debug|Any CPU
		{7B9AB84D-9567-4047-891B-4321EA430643}.Debug|Any CPU.Build.0 = Debug|Any CPU
		{7B9AB84D-9567-4047-891B-4321EA430643}.Release|Any CPU.ActiveCfg = Release|Any CPU
		{7B9AB84D-9567-4047-891B-4321EA430643}.Release|Any CPU.Build.0 = Release|Any CPU
		{EA678FEA-AE72-47DE-9C39-C0060EC39228}.Debug|Any CPU.ActiveCfg = Debug|Any CPU
		{EA678FEA-AE72-47DE-9C39-C0060EC39228}.Debug|Any CPU.Build.0 = Debug|Any CPU
		{EA678FEA-AE72-47DE-9C39-C0060EC39228}.Release|Any CPU.ActiveCfg = Release|Any CPU
		{EA678FEA-AE72-47DE-9C39-C0060EC39228}.Release|Any CPU.Build.0 = Release|Any CPU
		{5182421C-B3D1-45BA-9C59-8BC618210106}.Debug|Any CPU.ActiveCfg = Debug|Any CPU
		{5182421C-B3D1-45BA-9C59-8BC618210106}.Debug|Any CPU.Build.0 = Debug|Any CPU
		{5182421C-B3D1-45BA-9C59-8BC618210106}.Release|Any CPU.ActiveCfg = Release|Any CPU
		{5182421C-B3D1-45BA-9C59-8BC618210106}.Release|Any CPU.Build.0 = Release|Any CPU
		{D68FF427-5EA3-4543-A9A4-5F7F45FE3366}.Debug|Any CPU.ActiveCfg = Debug|Any CPU
		{D68FF427-5EA3-4543-A9A4-5F7F45FE3366}.Debug|Any CPU.Build.0 = Debug|Any CPU
		{D68FF427-5EA3-4543-A9A4-5F7F45FE3366}.Release|Any CPU.ActiveCfg = Release|Any CPU
		{D68FF427-5EA3-4543-A9A4-5F7F45FE3366}.Release|Any CPU.Build.0 = Release|Any CPU
		{01F82EF9-F236-4E82-9BD2-97A06DCF3BE0}.Debug|Any CPU.ActiveCfg = Debug|Any CPU
		{01F82EF9-F236-4E82-9BD2-97A06DCF3BE0}.Debug|Any CPU.Build.0 = Debug|Any CPU
		{01F82EF9-F236-4E82-9BD2-97A06DCF3BE0}.Release|Any CPU.ActiveCfg = Release|Any CPU
		{01F82EF9-F236-4E82-9BD2-97A06DCF3BE0}.Release|Any CPU.Build.0 = Release|Any CPU
		{E48CED7E-2C96-4D13-BC64-2BBB8CC05F1E}.Debug|Any CPU.ActiveCfg = Debug|Any CPU
		{E48CED7E-2C96-4D13-BC64-2BBB8CC05F1E}.Debug|Any CPU.Build.0 = Debug|Any CPU
		{E48CED7E-2C96-4D13-BC64-2BBB8CC05F1E}.Release|Any CPU.ActiveCfg = Release|Any CPU
		{E48CED7E-2C96-4D13-BC64-2BBB8CC05F1E}.Release|Any CPU.Build.0 = Release|Any CPU
	EndGlobalSection
	GlobalSection(SolutionProperties) = preSolution
		HideSolutionNode = FALSE
	EndGlobalSection
	GlobalSection(NestedProjects) = preSolution
		{381FC693-191D-4616-BB79-87A345006AD8} = {1C310664-16A9-4116-8A11-FBE1C36CC0A8}
		{3769E7C1-9DAF-4015-94BC-AEF16F963BE1} = {1C310664-16A9-4116-8A11-FBE1C36CC0A8}
		{9E04AFEC-6EEB-4092-97AD-38B953AFA675} = {1C310664-16A9-4116-8A11-FBE1C36CC0A8}
		{642DE622-FF0D-4E36-A97D-3DAFA712EB86} = {1C310664-16A9-4116-8A11-FBE1C36CC0A8}
		{E4C05330-9E64-421E-8412-EAE1F5BBECC4} = {1C310664-16A9-4116-8A11-FBE1C36CC0A8}
		{84C21A69-A7B3-46AF-8E08-A7E1D9002AB6} = {572ADE7B-A582-426E-A5C0-7AD74C372E84}
		{4D907EE8-3D30-4B69-A367-4F079B51502B} = {572ADE7B-A582-426E-A5C0-7AD74C372E84}
		{1F19721C-03AB-4610-90B6-2DC2E94ADA71} = {572ADE7B-A582-426E-A5C0-7AD74C372E84}
		{417B22B7-CF38-4EE6-A8A8-F950485AEEC1} = {F78EACE0-7D16-4695-BDD9-36815DFB456E}
		{B6A43447-CF93-48E0-ABAD-E6A47A1CBF40} = {F78EACE0-7D16-4695-BDD9-36815DFB456E}
		{52B74561-45AB-4113-9AD1-993B3DDB4E04} = {F78EACE0-7D16-4695-BDD9-36815DFB456E}
		{304BF55D-06FF-4752-8E2B-D76F88372010} = {F78EACE0-7D16-4695-BDD9-36815DFB456E}
		{EB783F72-2A23-49E7-A746-EE24EDFF0A27} = {F78EACE0-7D16-4695-BDD9-36815DFB456E}
		{C07810F2-5AA9-4EDF-A923-96DE492E7DB5} = {F78EACE0-7D16-4695-BDD9-36815DFB456E}
		{5755588B-2EAA-42F9-B412-1B3A55F985D8} = {F78EACE0-7D16-4695-BDD9-36815DFB456E}
		{DCBFB1B8-2879-427F-A56F-2918A7CCB305} = {F78EACE0-7D16-4695-BDD9-36815DFB456E}
		{C43EA6F9-E9B8-480E-B292-925B8AE2BB58} = {F78EACE0-7D16-4695-BDD9-36815DFB456E}
		{BC5688D5-40B1-42FD-8026-D00D7CC1EC1E} = {F78EACE0-7D16-4695-BDD9-36815DFB456E}
		{3DB48112-97E9-4055-A23A-0ABDBCCD9801} = {F78EACE0-7D16-4695-BDD9-36815DFB456E}
		{16DEFFFB-3881-4726-8D78-2945BC2E431F} = {F78EACE0-7D16-4695-BDD9-36815DFB456E}
		{10321E14-18EF-4784-8862-3BF94A7A9000} = {F78EACE0-7D16-4695-BDD9-36815DFB456E}
		{B591FEF8-23F6-487B-8803-33E133534A49} = {F78EACE0-7D16-4695-BDD9-36815DFB456E}
		{AD877EBD-262A-48AA-8B57-08081B7F1DB1} = {F78EACE0-7D16-4695-BDD9-36815DFB456E}
		{6D1F6BC3-B157-4EAD-A10C-36C56EC612C4} = {F78EACE0-7D16-4695-BDD9-36815DFB456E}
		{AF4371F7-18DF-4AAC-93FB-CD99D28B8B86} = {F78EACE0-7D16-4695-BDD9-36815DFB456E}
		{6B31F7B9-5C20-4A97-9F30-2D9C19077C73} = {F78EACE0-7D16-4695-BDD9-36815DFB456E}
		{D8A1842A-65D7-487F-8C70-4E67A0A7F27E} = {F78EACE0-7D16-4695-BDD9-36815DFB456E}
		{A6D2F881-4513-401B-8663-04D14CC57D87} = {F78EACE0-7D16-4695-BDD9-36815DFB456E}
		{73ECECAE-D74C-4F08-AD29-7851D13BEE93} = {838DEB98-728D-4CCA-9EED-205F12382C63}
		{38AC7EC6-851D-4346-AB76-ADF8C9C49B7F} = {838DEB98-728D-4CCA-9EED-205F12382C63}
		{62087F90-5791-44C0-B11B-368E4704063E} = {838DEB98-728D-4CCA-9EED-205F12382C63}
		{35F935F6-ED74-4B44-A868-0324DC0BABE3} = {838DEB98-728D-4CCA-9EED-205F12382C63}
		{F5BBF879-12A3-41DB-A544-1E219C13B6A6} = {A1783983-C606-4909-9FCE-88DBC6D9883E}
		{3AA44192-7F82-49FD-9C2B-A70DC9FFA843} = {A1783983-C606-4909-9FCE-88DBC6D9883E}
		{E6D33EE6-9A57-4979-BEEF-204B64F930D6} = {A1783983-C606-4909-9FCE-88DBC6D9883E}
		{A8B6000D-09F4-4B23-BA93-E8766A02906F} = {A1783983-C606-4909-9FCE-88DBC6D9883E}
		{B9A22550-A024-481D-B3AF-BD6C329CB902} = {A1783983-C606-4909-9FCE-88DBC6D9883E}
		{883B6876-8758-41D5-92DF-C53AC8612216} = {A1783983-C606-4909-9FCE-88DBC6D9883E}
		{5ED8BC34-492F-4365-BE90-196C7F5049DD} = {6F835B66-77B6-41B8-A7D6-FC01DC5F58C4}
		{4A29ADDD-A704-4452-B596-931EA9DBBBB4} = {6F835B66-77B6-41B8-A7D6-FC01DC5F58C4}
		{A2130843-2D0B-43DC-8164-1893F17F9758} = {6F835B66-77B6-41B8-A7D6-FC01DC5F58C4}
		{5ADE9CA7-E63A-45A4-90BB-86E9A15FF7C9} = {6F835B66-77B6-41B8-A7D6-FC01DC5F58C4}
		{4242C766-A1CA-4F77-AF23-57F605534CE0} = {6F835B66-77B6-41B8-A7D6-FC01DC5F58C4}
		{E82D72FE-F7FB-4636-B170-B1AFC77708FF} = {6F835B66-77B6-41B8-A7D6-FC01DC5F58C4}
		{9EAEBFDD-98CB-401D-891A-D52A1A3E4A35} = {6F835B66-77B6-41B8-A7D6-FC01DC5F58C4}
		{578A6D1F-B9AE-4694-9BEE-3D9206942F04} = {6F835B66-77B6-41B8-A7D6-FC01DC5F58C4}
		{E74D755E-2762-4807-9DDE-367863FD2198} = {6F835B66-77B6-41B8-A7D6-FC01DC5F58C4}
		{36536A9A-1751-4D69-BD12-AE6467789FC7} = {6F835B66-77B6-41B8-A7D6-FC01DC5F58C4}
		{6A3850FB-84FA-4CD5-BD1B-399BC4CF0182} = {6F835B66-77B6-41B8-A7D6-FC01DC5F58C4}
		{D3EB34CC-5A92-4BC2-AE36-053FDB8BE3FA} = {6F835B66-77B6-41B8-A7D6-FC01DC5F58C4}
		{2C454603-D882-4151-81EB-F6C15ADA42A5} = {6F835B66-77B6-41B8-A7D6-FC01DC5F58C4}
		{D96FB275-E6D9-4435-A7E1-9C8AEFDC3F48} = {6F835B66-77B6-41B8-A7D6-FC01DC5F58C4}
		{73DD790A-576D-42AF-B5CB-94D9D1F70C6E} = {548EF51A-DFC4-49B0-8A94-6136100BD6F8}
		{0FB6495B-941D-4F99-885D-47419E14F9F7} = {548EF51A-DFC4-49B0-8A94-6136100BD6F8}
		{0D4C1692-E7B9-4C9D-8F34-55C9373EE27D} = {548EF51A-DFC4-49B0-8A94-6136100BD6F8}
		{DCD97379-B0CF-431D-BDD2-374C9180ACD5} = {548EF51A-DFC4-49B0-8A94-6136100BD6F8}
		{B189FBD7-B140-49B8-AC53-C1A904AA3C00} = {73C63209-A292-4536-A45C-49540B82B009}
		{1FE8A472-E618-477A-B672-8A1F1A47A9E9} = {7E6032A4-4AAF-435F-BA5F-4F58833CF78B}
		{6E18A300-2802-4039-ABB1-8013C46D0038} = {7E6032A4-4AAF-435F-BA5F-4F58833CF78B}
		{9F443562-5B68-4F71-9FBF-8888D8FCDE72} = {7E6032A4-4AAF-435F-BA5F-4F58833CF78B}
		{6BF4C974-2EFD-49B7-AD3A-8E414F83A969} = {7E6032A4-4AAF-435F-BA5F-4F58833CF78B}
		{8B881DD5-7F30-46A5-A752-28C4100A8554} = {DCD28CB0-E0EA-4BC6-B0AB-A6C77CF1CD58}
		{957E4A5B-4549-489B-82B0-41710B2E271F} = {DCD28CB0-E0EA-4BC6-B0AB-A6C77CF1CD58}
		{E7D113AC-693D-4FCD-BAEF-3197023632DB} = {DCD28CB0-E0EA-4BC6-B0AB-A6C77CF1CD58}
		{5E7360A1-47E8-4D74-B4CF-30573F705DFE} = {DCD28CB0-E0EA-4BC6-B0AB-A6C77CF1CD58}
		{DF01415C-9E36-4DFF-945E-4486D92CE950} = {DCD28CB0-E0EA-4BC6-B0AB-A6C77CF1CD58}
		{08113B2D-2807-4842-84E8-DC6AF605C861} = {DCD28CB0-E0EA-4BC6-B0AB-A6C77CF1CD58}
		{92A1E497-D112-4A38-BE9C-4B9C43E1A42F} = {DF01415C-9E36-4DFF-945E-4486D92CE950}
		{7D25C763-7F0B-4FC3-BBA4-8E80E0C6B9FD} = {DCD28CB0-E0EA-4BC6-B0AB-A6C77CF1CD58}
		{7950C8C0-5025-4B9C-8645-18E023E1AEA2} = {7D25C763-7F0B-4FC3-BBA4-8E80E0C6B9FD}
		{B1BA7677-EAB7-44E7-80C8-CE462B41E027} = {DCD28CB0-E0EA-4BC6-B0AB-A6C77CF1CD58}
		{76577F1B-5113-49FE-B3D9-584485CFA03D} = {DCD28CB0-E0EA-4BC6-B0AB-A6C77CF1CD58}
		{366D0411-F4D3-4EE7-84C6-478FE927EF46} = {DCD28CB0-E0EA-4BC6-B0AB-A6C77CF1CD58}
		{EA0F1BFB-894A-41C1-89D4-4C6DB2255F32} = {DCD28CB0-E0EA-4BC6-B0AB-A6C77CF1CD58}
		{8C4D750D-605D-4701-BBDC-AC8C7C5CD7D4} = {DCD28CB0-E0EA-4BC6-B0AB-A6C77CF1CD58}
		{7B9AB84D-9567-4047-891B-4321EA430643} = {DCD28CB0-E0EA-4BC6-B0AB-A6C77CF1CD58}
		{EA678FEA-AE72-47DE-9C39-C0060EC39228} = {DCD28CB0-E0EA-4BC6-B0AB-A6C77CF1CD58}
		{5182421C-B3D1-45BA-9C59-8BC618210106} = {B0F6FF8A-1329-46B4-AEBB-57216A9C3B46}
		{D68FF427-5EA3-4543-A9A4-5F7F45FE3366} = {B0F6FF8A-1329-46B4-AEBB-57216A9C3B46}
		{01F82EF9-F236-4E82-9BD2-97A06DCF3BE0} = {B0F6FF8A-1329-46B4-AEBB-57216A9C3B46}
		{E48CED7E-2C96-4D13-BC64-2BBB8CC05F1E} = {B0F6FF8A-1329-46B4-AEBB-57216A9C3B46}
	EndGlobalSection
	GlobalSection(ExtensibilityGlobals) = postSolution
		SolutionGuid = {3EA811EB-EA22-4E30-A39E-D0677F806505}
	EndGlobalSection
EndGlobal
