
Microsoft Visual Studio Solution File, Format Version 12.00
# Visual Studio Version 17
VisualStudioVersion = 17.8.34309.116
MinimumVisualStudioVersion = 10.0.40219.1
Project("{2150E333-8FDC-42A3-9474-1A3956D46DE8}") = "03. String and Text Processung - Lab", "03. String and Text Processung - Lab", "{1C310664-16A9-4116-8A11-FBE1C36CC0A8}"
EndProject
Project("{FAE04EC0-301F-11D3-BF4B-00C04F79EFBC}") = "0301. Reverse Strings", "0301. Reverse Strings\0301. Reverse Strings.csproj", "{381FC693-191D-4616-BB79-87A345006AD8}"
EndProject
Global
	GlobalSection(SolutionConfigurationPlatforms) = preSolution
		Debug|Any CPU = Debug|Any CPU
		Release|Any CPU = Release|Any CPU
	EndGlobalSection
	GlobalSection(ProjectConfigurationPlatforms) = postSolution
		{381FC693-191D-4616-BB79-87A345006AD8}.Debug|Any CPU.ActiveCfg = Debug|Any CPU
		{381FC693-191D-4616-BB79-87A345006AD8}.Debug|Any CPU.Build.0 = Debug|Any CPU
		{381FC693-191D-4616-BB79-87A345006AD8}.Release|Any CPU.ActiveCfg = Release|Any CPU
		{381FC693-191D-4616-BB79-87A345006AD8}.Release|Any CPU.Build.0 = Release|Any CPU
	EndGlobalSection
	GlobalSection(SolutionProperties) = preSolution
		HideSolutionNode = FALSE
	EndGlobalSection
	GlobalSection(NestedProjects) = preSolution
		{381FC693-191D-4616-BB79-87A345006AD8} = {1C310664-16A9-4116-8A11-FBE1C36CC0A8}
	EndGlobalSection
	GlobalSection(ExtensibilityGlobals) = postSolution
		SolutionGuid = {3EA811EB-EA22-4E30-A39E-D0677F806505}
	EndGlobalSection
EndGlobal
